// !$*UTF8*$!
{
	archiveVersion = 1;
	classes = {
	};
	objectVersion = 56;
	objects = {

/* Begin PBXBuildFile section */
		11B660D829D6E08A00D15364 /* AppDelegate.swift in Sources */ = {isa = PBXBuildFile; fileRef = 11B660D729D6E08A00D15364 /* AppDelegate.swift */; };
		11B660DA29D6E08A00D15364 /* SceneDelegate.swift in Sources */ = {isa = PBXBuildFile; fileRef = 11B660D929D6E08A00D15364 /* SceneDelegate.swift */; };
		11B660DC29D6E08A00D15364 /* ViewController.swift in Sources */ = {isa = PBXBuildFile; fileRef = 11B660DB29D6E08A00D15364 /* ViewController.swift */; };
		11B660DF29D6E08A00D15364 /* Main.storyboard in Resources */ = {isa = PBXBuildFile; fileRef = 11B660DD29D6E08A00D15364 /* Main.storyboard */; };
		11B660E129D6E08C00D15364 /* Assets.xcassets in Resources */ = {isa = PBXBuildFile; fileRef = 11B660E029D6E08C00D15364 /* Assets.xcassets */; };
		11B660E429D6E08C00D15364 /* LaunchScreen.storyboard in Resources */ = {isa = PBXBuildFile; fileRef = 11B660E229D6E08C00D15364 /* LaunchScreen.storyboard */; };
		11B660EE29D6E0B400D15364 /* ObjFile.m in Sources */ = {isa = PBXBuildFile; fileRef = 11B660ED29D6E0B400D15364 /* ObjFile.m */; };
/* End PBXBuildFile section */

/* Begin PBXFileReference section */
		11B660D429D6E08A00D15364 /* BridgingDemo.app */ = {isa = PBXFileReference; explicitFileType = wrapper.application; includeInIndex = 0; path = BridgingDemo.app; sourceTree = BUILT_PRODUCTS_DIR; };
		11B660D729D6E08A00D15364 /* AppDelegate.swift */ = {isa = PBXFileReference; lastKnownFileType = sourcecode.swift; path = AppDelegate.swift; sourceTree = "<group>"; };
		11B660D929D6E08A00D15364 /* SceneDelegate.swift */ = {isa = PBXFileReference; lastKnownFileType = sourcecode.swift; path = SceneDelegate.swift; sourceTree = "<group>"; };
		11B660DB29D6E08A00D15364 /* ViewController.swift */ = {isa = PBXFileReference; lastKnownFileType = sourcecode.swift; path = ViewController.swift; sourceTree = "<group>"; };
		11B660DE29D6E08A00D15364 /* Base */ = {isa = PBXFileReference; lastKnownFileType = file.storyboard; name = Base; path = Base.lproj/Main.storyboard; sourceTree = "<group>"; };
		11B660E029D6E08C00D15364 /* Assets.xcassets */ = {isa = PBXFileReference; lastKnownFileType = folder.assetcatalog; path = Assets.xcassets; sourceTree = "<group>"; };
		11B660E329D6E08C00D15364 /* Base */ = {isa = PBXFileReference; lastKnownFileType = file.storyboard; name = Base; path = Base.lproj/LaunchScreen.storyboard; sourceTree = "<group>"; };
		11B660E529D6E08C00D15364 /* Info.plist */ = {isa = PBXFileReference; lastKnownFileType = text.plist.xml; path = Info.plist; sourceTree = "<group>"; };
		11B660EB29D6E0B400D15364 /* BridgingDemo-Bridging-Header.h */ = {isa = PBXFileReference; lastKnownFileType = sourcecode.c.h; path = "BridgingDemo-Bridging-Header.h"; sourceTree = "<group>"; };
		11B660EC29D6E0B400D15364 /* ObjFile.h */ = {isa = PBXFileReference; lastKnownFileType = sourcecode.c.h; path = ObjFile.h; sourceTree = "<group>"; };
		11B660ED29D6E0B400D15364 /* ObjFile.m */ = {isa = PBXFileReference; lastKnownFileType = sourcecode.c.objc; path = ObjFile.m; sourceTree = "<group>"; };
/* End PBXFileReference section */

/* Begin PBXFrameworksBuildPhase section */
		11B660D129D6E08A00D15364 /* Frameworks */ = {
			isa = PBXFrameworksBuildPhase;
			buildActionMask = 2147483647;
			files = (
			);
			runOnlyForDeploymentPostprocessing = 0;
		};
/* End PBXFrameworksBuildPhase section */

/* Begin PBXGroup section */
		11B660CB29D6E08A00D15364 = {
			isa = PBXGroup;
			children = (
				11B660D629D6E08A00D15364 /* BridgingDemo */,
				11B660D529D6E08A00D15364 /* Products */,
			);
			sourceTree = "<group>";
		};
		11B660D529D6E08A00D15364 /* Products */ = {
			isa = PBXGroup;
			children = (
				11B660D429D6E08A00D15364 /* BridgingDemo.app */,
			);
			name = Products;
			sourceTree = "<group>";
		};
		11B660D629D6E08A00D15364 /* BridgingDemo */ = {
			isa = PBXGroup;
			children = (
				11B660D729D6E08A00D15364 /* AppDelegate.swift */,
				11B660D929D6E08A00D15364 /* SceneDelegate.swift */,
				11B660DB29D6E08A00D15364 /* ViewController.swift */,
				11B660EC29D6E0B400D15364 /* ObjFile.h */,
				11B660ED29D6E0B400D15364 /* ObjFile.m */,
				11B660DD29D6E08A00D15364 /* Main.storyboard */,
				11B660E029D6E08C00D15364 /* Assets.xcassets */,
				11B660E229D6E08C00D15364 /* LaunchScreen.storyboard */,
				11B660E529D6E08C00D15364 /* Info.plist */,
				11B660EB29D6E0B400D15364 /* BridgingDemo-Bridging-Header.h */,
			);
			path = BridgingDemo;
			sourceTree = "<group>";
		};
/* End PBXGroup section */

/* Begin PBXNativeTarget section */
		11B660D329D6E08A00D15364 /* BridgingDemo */ = {
			isa = PBXNativeTarget;
			buildConfigurationList = 11B660E829D6E08C00D15364 /* Build configuration list for PBXNativeTarget "BridgingDemo" */;
			buildPhases = (
				11B660D029D6E08A00D15364 /* Sources */,
				11B660D129D6E08A00D15364 /* Frameworks */,
				11B660D229D6E08A00D15364 /* Resources */,
			);
			buildRules = (
			);
			dependencies = (
			);
			name = BridgingDemo;
			productName = BridgingDemo;
			productReference = 11B660D429D6E08A00D15364 /* BridgingDemo.app */;
			productType = "com.apple.product-type.application";
		};
/* End PBXNativeTarget section */

/* Begin PBXProject section */
		11B660CC29D6E08A00D15364 /* Project object */ = {
			isa = PBXProject;
			attributes = {
				BuildIndependentTargetsInParallel = 1;
				LastSwiftUpdateCheck = 1420;
				LastUpgradeCheck = 1420;
				TargetAttributes = {
					11B660D329D6E08A00D15364 = {
						CreatedOnToolsVersion = 14.2;
						LastSwiftMigration = 1420;
					};
				};
			};
			buildConfigurationList = 11B660CF29D6E08A00D15364 /* Build configuration list for PBXProject "BridgingDemo" */;
			compatibilityVersion = "Xcode 14.0";
			developmentRegion = en;
			hasScannedForEncodings = 0;
			knownRegions = (
				en,
				Base,
			);
			mainGroup = 11B660CB29D6E08A00D15364;
			productRefGroup = 11B660D529D6E08A00D15364 /* Products */;
			projectDirPath = "";
			projectRoot = "";
			targets = (
				11B660D329D6E08A00D15364 /* BridgingDemo */,
			);
		};
/* End PBXProject section */

/* Begin PBXResourcesBuildPhase section */
		11B660D229D6E08A00D15364 /* Resources */ = {
			isa = PBXResourcesBuildPhase;
			buildActionMask = 2147483647;
			files = (
				11B660E429D6E08C00D15364 /* LaunchScreen.storyboard in Resources */,
				11B660E129D6E08C00D15364 /* Assets.xcassets in Resources */,
				11B660DF29D6E08A00D15364 /* Main.storyboard in Resources */,
			);
			runOnlyForDeploymentPostprocessing = 0;
		};
/* End PBXResourcesBuildPhase section */

/* Begin PBXSourcesBuildPhase section */
		11B660D029D6E08A00D15364 /* Sources */ = {
			isa = PBXSourcesBuildPhase;
			buildActionMask = 2147483647;
			files = (
				11B660DC29D6E08A00D15364 /* ViewController.swift in Sources */,
				11B660D829D6E08A00D15364 /* AppDelegate.swift in Sources */,
				11B660DA29D6E08A00D15364 /* SceneDelegate.swift in Sources */,
				11B660EE29D6E0B400D15364 /* ObjFile.m in Sources */,
			);
			runOnlyForDeploymentPostprocessing = 0;
		};
/* End PBXSourcesBuildPhase section */

/* Begin PBXVariantGroup section */
		11B660DD29D6E08A00D15364 /* Main.storyboard */ = {
			isa = PBXVariantGroup;
			children = (
				11B660DE29D6E08A00D15364 /* Base */,
			);
			name = Main.storyboard;
			sourceTree = "<group>";
		};
		11B660E229D6E08C00D15364 /* LaunchScreen.storyboard */ = {
			isa = PBXVariantGroup;
			children = (
				11B660E329D6E08C00D15364 /* Base */,
			);
			name = LaunchScreen.storyboard;
			sourceTree = "<group>";
		};
/* End PBXVariantGroup section */

/* Begin XCBuildConfiguration section */
		11B660E629D6E08C00D15364 /* Debug */ = {
			isa = XCBuildConfiguration;
			buildSettings = {
				ALWAYS_SEARCH_USER_PATHS = NO;
				CLANG_ANALYZER_NONNULL = YES;
				CLANG_ANALYZER_NUMBER_OBJECT_CONVERSION = YES_AGGRESSIVE;
				CLANG_CXX_LANGUAGE_STANDARD = "gnu++20";
				CLANG_ENABLE_MODULES = YES;
				CLANG_ENABLE_OBJC_ARC = YES;
				CLANG_ENABLE_OBJC_WEAK = YES;
				CLANG_WARN_BLOCK_CAPTURE_AUTORELEASING = YES;
				CLANG_WARN_BOOL_CONVERSION = YES;
				CLANG_WARN_COMMA = YES;
				CLANG_WARN_CONSTANT_CONVERSION = YES;
				CLANG_WARN_DEPRECATED_OBJC_IMPLEMENTATIONS = YES;
				CLANG_WARN_DIRECT_OBJC_ISA_USAGE = YES_ERROR;
				CLANG_WARN_DOCUMENTATION_COMMENTS = YES;
				CLANG_WARN_EMPTY_BODY = YES;
				CLANG_WARN_ENUM_CONVERSION = YES;
				CLANG_WARN_INFINITE_RECURSION = YES;
				CLANG_WARN_INT_CONVERSION = YES;
				CLANG_WARN_NON_LITERAL_NULL_CONVERSION = YES;
				CLANG_WARN_OBJC_IMPLICIT_RETAIN_SELF = YES;
				CLANG_WARN_OBJC_LITERAL_CONVERSION = YES;
				CLANG_WARN_OBJC_ROOT_CLASS = YES_ERROR;
				CLANG_WARN_QUOTED_INCLUDE_IN_FRAMEWORK_HEADER = YES;
				CLANG_WARN_RANGE_LOOP_ANALYSIS = YES;
				CLANG_WARN_STRICT_PROTOTYPES = YES;
				CLANG_WARN_SUSPICIOUS_MOVE = YES;
				CLANG_WARN_UNGUARDED_AVAILABILITY = YES_AGGRESSIVE;
				CLANG_WARN_UNREACHABLE_CODE = YES;
				CLANG_WARN__DUPLICATE_METHOD_MATCH = YES;
				COPY_PHASE_STRIP = NO;
				DEBUG_INFORMATION_FORMAT = dwarf;
				ENABLE_STRICT_OBJC_MSGSEND = YES;
				ENABLE_TESTABILITY = YES;
				GCC_C_LANGUAGE_STANDARD = gnu11;
				GCC_DYNAMIC_NO_PIC = NO;
				GCC_NO_COMMON_BLOCKS = YES;
				GCC_OPTIMIZATION_LEVEL = 0;
				GCC_PREPROCESSOR_DEFINITIONS = (
					"DEBUG=1",
					"$(inherited)",
				);
				GCC_WARN_64_TO_32_BIT_CONVERSION = YES;
				GCC_WARN_ABOUT_RETURN_TYPE = YES_ERROR;
				GCC_WARN_UNDECLARED_SELECTOR = YES;
				GCC_WARN_UNINITIALIZED_AUTOS = YES_AGGRESSIVE;
				GCC_WARN_UNUSED_FUNCTION = YES;
				GCC_WARN_UNUSED_VARIABLE = YES;
				IPHONEOS_DEPLOYMENT_TARGET = 16.2;
				MTL_ENABLE_DEBUG_INFO = INCLUDE_SOURCE;
				MTL_FAST_MATH = YES;
				ONLY_ACTIVE_ARCH = YES;
				SDKROOT = iphoneos;
				SWIFT_ACTIVE_COMPILATION_CONDITIONS = DEBUG;
				SWIFT_OPTIMIZATION_LEVEL = "-Onone";
			};
			name = Debug;
		};
		11B660E729D6E08C00D15364 /* Release */ = {
			isa = XCBuildConfiguration;
			buildSettings = {
				ALWAYS_SEARCH_USER_PATHS = NO;
				CLANG_ANALYZER_NONNULL = YES;
				CLANG_ANALYZER_NUMBER_OBJECT_CONVERSION = YES_AGGRESSIVE;
				CLANG_CXX_LANGUAGE_STANDARD = "gnu++20";
				CLANG_ENABLE_MODULES = YES;
				CLANG_ENABLE_OBJC_ARC = YES;
				CLANG_ENABLE_OBJC_WEAK = YES;
				CLANG_WARN_BLOCK_CAPTURE_AUTORELEASING = YES;
				CLANG_WARN_BOOL_CONVERSION = YES;
				CLANG_WARN_COMMA = YES;
				CLANG_WARN_CONSTANT_CONVERSION = YES;
				CLANG_WARN_DEPRECATED_OBJC_IMPLEMENTATIONS = YES;
				CLANG_WARN_DIRECT_OBJC_ISA_USAGE = YES_ERROR;
				CLANG_WARN_DOCUMENTATION_COMMENTS = YES;
				CLANG_WARN_EMPTY_BODY = YES;
				CLANG_WARN_ENUM_CONVERSION = YES;
				CLANG_WARN_INFINITE_RECURSION = YES;
				CLANG_WARN_INT_CONVERSION = YES;
				CLANG_WARN_NON_LITERAL_NULL_CONVERSION = YES;
				CLANG_WARN_OBJC_IMPLICIT_RETAIN_SELF = YES;
				CLANG_WARN_OBJC_LITERAL_CONVERSION = YES;
				CLANG_WARN_OBJC_ROOT_CLASS = YES_ERROR;
				CLANG_WARN_QUOTED_INCLUDE_IN_FRAMEWORK_HEADER = YES;
				CLANG_WARN_RANGE_LOOP_ANALYSIS = YES;
				CLANG_WARN_STRICT_PROTOTYPES = YES;
				CLANG_WARN_SUSPICIOUS_MOVE = YES;
				CLANG_WARN_UNGUARDED_AVAILABILITY = YES_AGGRESSIVE;
				CLANG_WARN_UNREACHABLE_CODE = YES;
				CLANG_WARN__DUPLICATE_METHOD_MATCH = YES;
				COPY_PHASE_STRIP = NO;
				DEBUG_INFORMATION_FORMAT = "dwarf-with-dsym";
				ENABLE_NS_ASSERTIONS = NO;
				ENABLE_STRICT_OBJC_MSGSEND = YES;
				GCC_C_LANGUAGE_STANDARD = gnu11;
				GCC_NO_COMMON_BLOCKS = YES;
				GCC_WARN_64_TO_32_BIT_CONVERSION = YES;
				GCC_WARN_ABOUT_RETURN_TYPE = YES_ERROR;
				GCC_WARN_UNDECLARED_SELECTOR = YES;
				GCC_WARN_UNINITIALIZED_AUTOS = YES_AGGRESSIVE;
				GCC_WARN_UNUSED_FUNCTION = YES;
				GCC_WARN_UNUSED_VARIABLE = YES;
				IPHONEOS_DEPLOYMENT_TARGET = 16.2;
				MTL_ENABLE_DEBUG_INFO = NO;
				MTL_FAST_MATH = YES;
				SDKROOT = iphoneos;
				SWIFT_COMPILATION_MODE = wholemodule;
				SWIFT_OPTIMIZATION_LEVEL = "-O";
				VALIDATE_PRODUCT = YES;
			};
			name = Release;
		};
		11B660E929D6E08C00D15364 /* Debug */ = {
			isa = XCBuildConfiguration;
			buildSettings = {
				ASSETCATALOG_COMPILER_APPICON_NAME = AppIcon;
				ASSETCATALOG_COMPILER_GLOBAL_ACCENT_COLOR_NAME = AccentColor;
				CLANG_ENABLE_MODULES = YES;
				CODE_SIGN_STYLE = Automatic;
				CURRENT_PROJECT_VERSION = 1;
				DEVELOPMENT_TEAM = L3DD962965;
				GENERATE_INFOPLIST_FILE = YES;
				INFOPLIST_FILE = BridgingDemo/Info.plist;
				INFOPLIST_KEY_UIApplicationSupportsIndirectInputEvents = YES;
				INFOPLIST_KEY_UILaunchStoryboardName = LaunchScreen;
				INFOPLIST_KEY_UIMainStoryboardFile = Main;
				INFOPLIST_KEY_UISupportedInterfaceOrientations_iPad = "UIInterfaceOrientationPortrait UIInterfaceOrientationPortraitUpsideDown UIInterfaceOrientationLandscapeLeft UIInterfaceOrientationLandscapeRight";
				INFOPLIST_KEY_UISupportedInterfaceOrientations_iPhone = "UIInterfaceOrientationPortrait UIInterfaceOrientationLandscapeLeft UIInterfaceOrientationLandscapeRight";
				LD_RUNPATH_SEARCH_PATHS = (
					"$(inherited)",
					"@executable_path/Frameworks",
				);
				MARKETING_VERSION = 1.0;
				PRODUCT_BUNDLE_IDENTIFIER = raj.BridgingDemo;
				PRODUCT_NAME = "$(TARGET_NAME)";
				SWIFT_EMIT_LOC_STRINGS = YES;
				SWIFT_OBJC_BRIDGING_HEADER = "BridgingDemo/BridgingDemo-Bridging-Header.h";
				SWIFT_OPTIMIZATION_LEVEL = "-Onone";
				SWIFT_VERSION = 5.0;
				TARGETED_DEVICE_FAMILY = "1,2";
			};
			name = Debug;
		};
		11B660EA29D6E08C00D15364 /* Release */ = {
			isa = XCBuildConfiguration;
			buildSettings = {
				ASSETCATALOG_COMPILER_APPICON_NAME = AppIcon;
				ASSETCATALOG_COMPILER_GLOBAL_ACCENT_COLOR_NAME = AccentColor;
				CLANG_ENABLE_MODULES = YES;
				CODE_SIGN_STYLE = Automatic;
				CURRENT_PROJECT_VERSION = 1;
				DEVELOPMENT_TEAM = L3DD962965;
				GENERATE_INFOPLIST_FILE = YES;
				INFOPLIST_FILE = BridgingDemo/Info.plist;
				INFOPLIST_KEY_UIApplicationSupportsIndirectInputEvents = YES;
				INFOPLIST_KEY_UILaunchStoryboardName = LaunchScreen;
				INFOPLIST_KEY_UIMainStoryboardFile = Main;
				INFOPLIST_KEY_UISupportedInterfaceOrientations_iPad = "UIInterfaceOrientationPortrait UIInterfaceOrientationPortraitUpsideDown UIInterfaceOrientationLandscapeLeft UIInterfaceOrientationLandscapeRight";
				INFOPLIST_KEY_UISupportedInterfaceOrientations_iPhone = "UIInterfaceOrientationPortrait UIInterfaceOrientationLandscapeLeft UIInterfaceOrientationLandscapeRight";
				LD_RUNPATH_SEARCH_PATHS = (
					"$(inherited)",
					"@executable_path/Frameworks",
				);
				MARKETING_VERSION = 1.0;
				PRODUCT_BUNDLE_IDENTIFIER = raj.BridgingDemo;
				PRODUCT_NAME = "$(TARGET_NAME)";
				SWIFT_EMIT_LOC_STRINGS = YES;
				SWIFT_OBJC_BRIDGING_HEADER = "BridgingDemo/BridgingDemo-Bridging-Header.h";
				SWIFT_VERSION = 5.0;
				TARGETED_DEVICE_FAMILY = "1,2";
			};
			name = Release;
		};
/* End XCBuildConfiguration section */

/* Begin XCConfigurationList section */
		11B660CF29D6E08A00D15364 /* Build configuration list for PBXProject "BridgingDemo" */ = {
			isa = XCConfigurationList;
			buildConfigurations = (
				11B660E629D6E08C00D15364 /* Debug */,
				11B660E729D6E08C00D15364 /* Release */,
			);
			defaultConfigurationIsVisible = 0;
			defaultConfigurationName = Release;
		};
		11B660E829D6E08C00D15364 /* Build configuration list for PBXNativeTarget "BridgingDemo" */ = {
			isa = XCConfigurationList;
			buildConfigurations = (
				11B660E929D6E08C00D15364 /* Debug */,
				11B660EA29D6E08C00D15364 /* Release */,
			);
			defaultConfigurationIsVisible = 0;
			defaultConfigurationName = Release;
		};
/* End XCConfigurationList section */
	};
	rootObject = 11B660CC29D6E08A00D15364 /* Project object */;
}
